
Microsoft Visual Studio Solution File, Format Version 12.00
# Visual Studio Version 16
VisualStudioVersion = 16.0.31911.196
MinimumVisualStudioVersion = 10.0.40219.1
Project("{FAE04EC0-301F-11D3-BF4B-00C04F79EFBC}") = "SalesWebMvc", "SalesWebMvc\SalesWebMvc.csproj", "{D276A08C-24DF-4C8D-BE49-93A9F0A4AB60}"
EndProject
Global
	GlobalSection(SolutionConfigurationPlatforms) = preSolution
		Debug|Any CPU = Debug|Any CPU
		Release|Any CPU = Release|Any CPU
	EndGlobalSection
	GlobalSection(ProjectConfigurationPlatforms) = postSolution
		{D276A08C-24DF-4C8D-BE49-93A9F0A4AB60}.Debug|Any CPU.ActiveCfg = Debug|Any CPU
		{D276A08C-24DF-4C8D-BE49-93A9F0A4AB60}.Debug|Any CPU.Build.0 = Debug|Any CPU
		{D276A08C-24DF-4C8D-BE49-93A9F0A4AB60}.Release|Any CPU.ActiveCfg = Release|Any CPU
		{D276A08C-24DF-4C8D-BE49-93A9F0A4AB60}.Release|Any CPU.Build.0 = Release|Any CPU
	EndGlobalSection
	GlobalSection(SolutionProperties) = preSolution
		HideSolutionNode = FALSE
	EndGlobalSection
	GlobalSection(ExtensibilityGlobals) = postSolution
		SolutionGuid = {36467687-00E7-48D8-8BD3-8EB734714A30}
	EndGlobalSection
EndGlobal
